---

# loop block for parameter-checks.yml
- name: Get kernel tunable
  shell: sysctl -n {{ line_item.name }} | awk '{gsub ("\t", " "); print}'
  register: sysctl_result
  changed_when: no
  ignore_errors: yes

- name: Assert that kernel tunable is set correctly
  assert:
    that:
      - sysctl_result.stdout == "{{ line_item.value }}"
    fail_msg: "FAIL: The current value of '{{ line_item.name }}' as per sysctl is '{{ sysctl_result.stdout }}' but the expected value is '{{ line_item.value }}'!"
    success_msg: "PASS: The current value of '{{ line_item.name }}' as per sysctl is '{{ sysctl_result.stdout }}'."
  ignore_errors: "{{ sap_hana_preconfigure_assert_ignore_errors|d(false) }}"

...
